
Microsoft Visual Studio Solution File, Format Version 12.00
# Visual Studio Version 17
VisualStudioVersion = 17.14.36202.13
MinimumVisualStudioVersion = 10.0.40219.1
Project("{FAE04EC0-301F-11D3-BF4B-00C04F79EFBC}") = "BoraEncontros", "BoraEncontros\BoraEncontros.csproj", "{9BF13D56-FF09-406B-BD99-4B6C8D902286}"
EndProject
Project("{FAE04EC0-301F-11D3-BF4B-00C04F79EFBC}") = "BoraEncontros.GoogleCalendar", "BoraEncontros.GoogleCalendar\BoraEncontros.GoogleCalendar.csproj", "{F6676BCC-FF74-418D-878A-E11DCC327093}"
EndProject
Project("{FAE04EC0-301F-11D3-BF4B-00C04F79EFBC}") = "BoraEncontros.Infraestructure", "BoraEncontros.Infraestructure\BoraEncontros.Infraestructure.csproj", "{80511AA8-50BB-41E3-B2DE-424AD2498CDB}"
EndProject
Project("{2150E333-8FDC-42A3-9474-1A3956D46DE8}") = "Solution Items", "Solution Items", "{089100B1-113F-4E66-888A-E83F3999EAFD}"
	ProjectSection(SolutionItems) = preProject
		.gitignore = .gitignore
		.github\workflows\deploy_docker_containerapp.yml = .github\workflows\deploy_docker_containerapp.yml
		docker-compose.yml = docker-compose.yml
		k6.js = k6.js
		README.md = README.md
	EndProjectSection
EndProject
Project("{FAE04EC0-301F-11D3-BF4B-00C04F79EFBC}") = "BoraEncontros.WebApi", "BoraEncontros.WebApi\BoraEncontros.WebApi.csproj", "{262AC3DA-4F6B-4664-94F9-B23EB5FDAA07}"
EndProject
Project("{FAE04EC0-301F-11D3-BF4B-00C04F79EFBC}") = "BoraEncontros.Application", "BoraEncontros.Application\BoraEncontros.Application.csproj", "{701E05E6-455A-4839-9EAE-62EBA09D4498}"
EndProject
Project("{FAE04EC0-301F-11D3-BF4B-00C04F79EFBC}") = "BoraEncontros.Workers", "BoraEncontros.Workers\BoraEncontros.Workers.csproj", "{2EBD2D51-109B-466C-A802-F29BC4D58A05}"
EndProject
Global
	GlobalSection(SolutionConfigurationPlatforms) = preSolution
		Debug|Any CPU = Debug|Any CPU
		Release|Any CPU = Release|Any CPU
	EndGlobalSection
	GlobalSection(ProjectConfigurationPlatforms) = postSolution
		{9BF13D56-FF09-406B-BD99-4B6C8D902286}.Debug|Any CPU.ActiveCfg = Debug|Any CPU
		{9BF13D56-FF09-406B-BD99-4B6C8D902286}.Debug|Any CPU.Build.0 = Debug|Any CPU
		{9BF13D56-FF09-406B-BD99-4B6C8D902286}.Release|Any CPU.ActiveCfg = Release|Any CPU
		{9BF13D56-FF09-406B-BD99-4B6C8D902286}.Release|Any CPU.Build.0 = Release|Any CPU
		{F6676BCC-FF74-418D-878A-E11DCC327093}.Debug|Any CPU.ActiveCfg = Debug|Any CPU
		{F6676BCC-FF74-418D-878A-E11DCC327093}.Debug|Any CPU.Build.0 = Debug|Any CPU
		{F6676BCC-FF74-418D-878A-E11DCC327093}.Release|Any CPU.ActiveCfg = Release|Any CPU
		{F6676BCC-FF74-418D-878A-E11DCC327093}.Release|Any CPU.Build.0 = Release|Any CPU
		{80511AA8-50BB-41E3-B2DE-424AD2498CDB}.Debug|Any CPU.ActiveCfg = Debug|Any CPU
		{80511AA8-50BB-41E3-B2DE-424AD2498CDB}.Debug|Any CPU.Build.0 = Debug|Any CPU
		{80511AA8-50BB-41E3-B2DE-424AD2498CDB}.Release|Any CPU.ActiveCfg = Release|Any CPU
		{80511AA8-50BB-41E3-B2DE-424AD2498CDB}.Release|Any CPU.Build.0 = Release|Any CPU
		{262AC3DA-4F6B-4664-94F9-B23EB5FDAA07}.Debug|Any CPU.ActiveCfg = Debug|Any CPU
		{262AC3DA-4F6B-4664-94F9-B23EB5FDAA07}.Debug|Any CPU.Build.0 = Debug|Any CPU
		{262AC3DA-4F6B-4664-94F9-B23EB5FDAA07}.Release|Any CPU.ActiveCfg = Release|Any CPU
		{262AC3DA-4F6B-4664-94F9-B23EB5FDAA07}.Release|Any CPU.Build.0 = Release|Any CPU
		{701E05E6-455A-4839-9EAE-62EBA09D4498}.Debug|Any CPU.ActiveCfg = Debug|Any CPU
		{701E05E6-455A-4839-9EAE-62EBA09D4498}.Debug|Any CPU.Build.0 = Debug|Any CPU
		{701E05E6-455A-4839-9EAE-62EBA09D4498}.Release|Any CPU.ActiveCfg = Release|Any CPU
		{701E05E6-455A-4839-9EAE-62EBA09D4498}.Release|Any CPU.Build.0 = Release|Any CPU
		{2EBD2D51-109B-466C-A802-F29BC4D58A05}.Debug|Any CPU.ActiveCfg = Debug|Any CPU
		{2EBD2D51-109B-466C-A802-F29BC4D58A05}.Debug|Any CPU.Build.0 = Debug|Any CPU
		{2EBD2D51-109B-466C-A802-F29BC4D58A05}.Release|Any CPU.ActiveCfg = Release|Any CPU
		{2EBD2D51-109B-466C-A802-F29BC4D58A05}.Release|Any CPU.Build.0 = Release|Any CPU
	EndGlobalSection
	GlobalSection(SolutionProperties) = preSolution
		HideSolutionNode = FALSE
	EndGlobalSection
	GlobalSection(ExtensibilityGlobals) = postSolution
		SolutionGuid = {A4ED24F8-0DCB-4118-95B1-38FA3AF33198}
	EndGlobalSection
EndGlobal
